
Microsoft Visual Studio Solution File, Format Version 11.00
# Visual Studio 2010
Project("{FAE04EC0-301F-11D3-BF4B-00C04F79EFBC}") = "DojoRunner", "DojoRunner.csproj", "{084289A5-8724-4874-8146-32933020903E}"
EndProject
Project("{FAE04EC0-301F-11D3-BF4B-00C04F79EFBC}") = "SoftwireDojo", "..\SoftwireDojo\SoftwireDojo\SoftwireDojo.csproj", "{F22D3EFA-2042-4D72-A9D3-33E90B82635D}"
EndProject
Global
	GlobalSection(SolutionConfigurationPlatforms) = preSolution
		Debug|Any CPU = Debug|Any CPU
		Debug|Mixed Platforms = Debug|Mixed Platforms
		Debug|x86 = Debug|x86
		Release|Any CPU = Release|Any CPU
		Release|Mixed Platforms = Release|Mixed Platforms
		Release|x86 = Release|x86
	EndGlobalSection
	GlobalSection(ProjectConfigurationPlatforms) = postSolution
		{084289A5-8724-4874-8146-32933020903E}.Debug|Any CPU.ActiveCfg = Debug|x86
		{084289A5-8724-4874-8146-32933020903E}.Debug|Mixed Platforms.ActiveCfg = Debug|x86
		{084289A5-8724-4874-8146-32933020903E}.Debug|Mixed Platforms.Build.0 = Debug|x86
		{084289A5-8724-4874-8146-32933020903E}.Debug|x86.ActiveCfg = Debug|x86
		{084289A5-8724-4874-8146-32933020903E}.Debug|x86.Build.0 = Debug|x86
		{084289A5-8724-4874-8146-32933020903E}.Release|Any CPU.ActiveCfg = Release|x86
		{084289A5-8724-4874-8146-32933020903E}.Release|Mixed Platforms.ActiveCfg = Release|x86
		{084289A5-8724-4874-8146-32933020903E}.Release|Mixed Platforms.Build.0 = Release|x86
		{084289A5-8724-4874-8146-32933020903E}.Release|x86.ActiveCfg = Release|x86
		{084289A5-8724-4874-8146-32933020903E}.Release|x86.Build.0 = Release|x86
		{F22D3EFA-2042-4D72-A9D3-33E90B82635D}.Debug|Any CPU.ActiveCfg = Debug|Any CPU
		{F22D3EFA-2042-4D72-A9D3-33E90B82635D}.Debug|Any CPU.Build.0 = Debug|Any CPU
		{F22D3EFA-2042-4D72-A9D3-33E90B82635D}.Debug|Mixed Platforms.ActiveCfg = Debug|Any CPU
		{F22D3EFA-2042-4D72-A9D3-33E90B82635D}.Debug|Mixed Platforms.Build.0 = Debug|Any CPU
		{F22D3EFA-2042-4D72-A9D3-33E90B82635D}.Debug|x86.ActiveCfg = Debug|Any CPU
		{F22D3EFA-2042-4D72-A9D3-33E90B82635D}.Release|Any CPU.ActiveCfg = Release|Any CPU
		{F22D3EFA-2042-4D72-A9D3-33E90B82635D}.Release|Any CPU.Build.0 = Release|Any CPU
		{F22D3EFA-2042-4D72-A9D3-33E90B82635D}.Release|Mixed Platforms.ActiveCfg = Release|Any CPU
		{F22D3EFA-2042-4D72-A9D3-33E90B82635D}.Release|Mixed Platforms.Build.0 = Release|Any CPU
		{F22D3EFA-2042-4D72-A9D3-33E90B82635D}.Release|x86.ActiveCfg = Release|Any CPU
	EndGlobalSection
	GlobalSection(SolutionProperties) = preSolution
		HideSolutionNode = FALSE
	EndGlobalSection
EndGlobal
